{
  "meteor": {
    "git": "https://github.com/meteor/meteor.git",
    "branch": "master",
    "commit": "280a9f7179f25262ea76cf15c0653a8bce91defb"
  },
  "dependencies": {
    "basePackages": {
      "underscore-string": {},
      "font-awesome": {},
      "pnotify": {},
      "roles": {},
      "router": {},
      "filepicker": {},
      "bootstrap-wysiwyg": {},
      "analyticsjs": {},
      "ncp": {}
    },
    "packages": {
      "underscore-string": {
        "git": "https://github.com/possibilities/meteor-underscore-string.git",
        "branch": "master",
        "commit": "b15ec17b55e42e36a143cd1245a6cd6a41ac1e85"
      },
      "font-awesome": {
        "git": "https://github.com/nate-strauser/meteor-font-awesome.git",
        "branch": "master",
        "commit": "38bdfff72dfb8857b272f9a9b056045d6a015489"
      },
      "pnotify": {
        "git": "https://github.com/kidovate/meteor-pnotify.git",
        "tag": "v0.1.0",
        "commit": "1799e7a19759f8f5e8f2debd240024ee36f42fbc"
      },
      "roles": {
        "git": "https://github.com/alanning/meteor-roles.git",
        "branch": "master",
        "commit": "f81cbf7c765a4ed7e16a580c288db6f10a90856b"
      },
      "router": {
        "git": "https://github.com/tmeasday/meteor-router.git",
        "branch": "master",     
        "commit": "d00e380dda2184b70e909fc4a0fb5358d602c586"
      },
      "filepicker": {
        "git": "https://github.com/Filepicker/meteor.git",
        "branch": "master",
        "commit": "dcb6f3779e5fc105520ba06b0392e3a79c73a7e6"
      },
      "bootstrap-wysiwyg": {
        "git": "https://github.com/mcrider/meteor-bootstrap-wysiwyg.git",
        "branch": "master",
        "commit": "b9b1ffadb42b8bbfade08aaea10e4fbe890d21dd"
      },
      "analyticsjs": {
        "git": "https://github.com/nate-strauser/meteor-analyticsjs.git",
        "branch": "master",
        "commit": "aded6d80df1f801d02076adbb3d64685ebb00f00"
      },
      "ncp": {
        "git": "https://github.com/kidovate/meteor-ncp.git",
        "branch": "master",
        "commit": "18019d468893dc9a62ddedfdc616632daae17a7d"
      },
      "page-js-ie-support": {
        "git": "https://github.com/tmeasday/meteor-page-js-ie-support.git",
        "branch": "master",
        "commit": "b99ed8380aefd10b2afc8f18d9eed4dd0d8ea9cb"
      },
      "HTML5-History-API": {
        "git": "https://github.com/tmeasday/meteor-HTML5-History-API.git",
        "branch": "master",
        "commit": "dc4965f1424cfca625ec3fbea17eace03f8e32c5"
      }
    }
  }
}
